// !$*UTF8*$!
{
	archiveVersion = 1;
	classes = {
	};
	objectVersion = 46;
	objects = {

/* Begin PBXBuildFile section */
		0AA005AD146922E500A323D9 /* main.cpp in Sources */ = {isa = PBXBuildFile; fileRef = 0AA005AC146922E500A323D9 /* main.cpp */; };
		0AA005AF146922E500A323D9 /* XCodeCudaTest.1 in CopyFiles */ = {isa = PBXBuildFile; fileRef = 0AA005AE146922E500A323D9 /* XCodeCudaTest.1 */; };
		0AB32C81146A07D50042A2FE /* CUDA.framework in Frameworks */ = {isa = PBXBuildFile; fileRef = 0AB32C80146A07D50042A2FE /* CUDA.framework */; };
/* End PBXBuildFile section */

/* Begin PBXCopyFilesBuildPhase section */
		0AA005A6146922E500A323D9 /* CopyFiles */ = {
			isa = PBXCopyFilesBuildPhase;
			buildActionMask = 2147483647;
			dstPath = /usr/share/man/man1/;
			dstSubfolderSpec = 0;
			files = (
				0AA005AF146922E500A323D9 /* XCodeCudaTest.1 in CopyFiles */,
			);
			runOnlyForDeploymentPostprocessing = 1;
		};
/* End PBXCopyFilesBuildPhase section */

/* Begin PBXFileReference section */
		0AA005A8146922E500A323D9 /* XCodeCudaTest */ = {isa = PBXFileReference; explicitFileType = "compiled.mach-o.executable"; includeInIndex = 0; path = XCodeCudaTest; sourceTree = BUILT_PRODUCTS_DIR; };
		0AA005AC146922E500A323D9 /* main.cpp */ = {isa = PBXFileReference; lastKnownFileType = sourcecode.cpp.cpp; path = main.cpp; sourceTree = "<group>"; };
		0AA005AE146922E500A323D9 /* XCodeCudaTest.1 */ = {isa = PBXFileReference; lastKnownFileType = text.man; path = XCodeCudaTest.1; sourceTree = "<group>"; };
		0AB32C80146A07D50042A2FE /* CUDA.framework */ = {isa = PBXFileReference; lastKnownFileType = wrapper.framework; name = CUDA.framework; path = Library/Frameworks/CUDA.framework; sourceTree = SDKROOT; };
		0AB32C96146A69760042A2FE /* kernal_add.cu */ = {isa = PBXFileReference; fileEncoding = 4; lastKnownFileType = text; path = kernal_add.cu; sourceTree = "<group>"; };
/* End PBXFileReference section */

/* Begin PBXFrameworksBuildPhase section */
		0AA005A5146922E500A323D9 /* Frameworks */ = {
			isa = PBXFrameworksBuildPhase;
			buildActionMask = 2147483647;
			files = (
				0AB32C81146A07D50042A2FE /* CUDA.framework in Frameworks */,
			);
			runOnlyForDeploymentPostprocessing = 0;
		};
/* End PBXFrameworksBuildPhase section */

/* Begin PBXGroup section */
		0AA0059D146922E500A323D9 = {
			isa = PBXGroup;
			children = (
				0AB32C80146A07D50042A2FE /* CUDA.framework */,
				0AA005AB146922E500A323D9 /* XCodeCudaTest */,
				0AA005A9146922E500A323D9 /* Products */,
			);
			sourceTree = "<group>";
		};
		0AA005A9146922E500A323D9 /* Products */ = {
			isa = PBXGroup;
			children = (
				0AA005A8146922E500A323D9 /* XCodeCudaTest */,
			);
			name = Products;
			sourceTree = "<group>";
		};
		0AA005AB146922E500A323D9 /* XCodeCudaTest */ = {
			isa = PBXGroup;
			children = (
				0AA005AC146922E500A323D9 /* main.cpp */,
				0AA005AE146922E500A323D9 /* XCodeCudaTest.1 */,
				0AB32C96146A69760042A2FE /* kernal_add.cu */,
			);
			path = XCodeCudaTest;
			sourceTree = "<group>";
		};
/* End PBXGroup section */

/* Begin PBXNativeTarget section */
		0AA005A7146922E500A323D9 /* XCodeCudaTest */ = {
			isa = PBXNativeTarget;
			buildConfigurationList = 0AA005B2146922E500A323D9 /* Build configuration list for PBXNativeTarget "XCodeCudaTest" */;
			buildPhases = (
				0AA005A4146922E500A323D9 /* Sources */,
				0AA005A5146922E500A323D9 /* Frameworks */,
				0AA005A6146922E500A323D9 /* CopyFiles */,
			);
			buildRules = (
			);
			dependencies = (
			);
			name = XCodeCudaTest;
			productName = XCodeCudaTest;
			productReference = 0AA005A8146922E500A323D9 /* XCodeCudaTest */;
			productType = "com.apple.product-type.tool";
		};
/* End PBXNativeTarget section */

/* Begin PBXProject section */
		0AA0059F146922E500A323D9 /* Project object */ = {
			isa = PBXProject;
			attributes = {
				LastUpgradeCheck = 0420;
			};
			buildConfigurationList = 0AA005A2146922E500A323D9 /* Build configuration list for PBXProject "XCodeCudaTest" */;
			compatibilityVersion = "Xcode 3.2";
			developmentRegion = English;
			hasScannedForEncodings = 0;
			knownRegions = (
				en,
			);
			mainGroup = 0AA0059D146922E500A323D9;
			productRefGroup = 0AA005A9146922E500A323D9 /* Products */;
			projectDirPath = "";
			projectRoot = "";
			targets = (
				0AA005A7146922E500A323D9 /* XCodeCudaTest */,
			);
		};
/* End PBXProject section */

/* Begin PBXSourcesBuildPhase section */
		0AA005A4146922E500A323D9 /* Sources */ = {
			isa = PBXSourcesBuildPhase;
			buildActionMask = 2147483647;
			files = (
				0AA005AD146922E500A323D9 /* main.cpp in Sources */,
			);
			runOnlyForDeploymentPostprocessing = 0;
		};
/* End PBXSourcesBuildPhase section */

/* Begin XCBuildConfiguration section */
		0AA005B0146922E500A323D9 /* Debug */ = {
			isa = XCBuildConfiguration;
			buildSettings = {
				ALWAYS_SEARCH_USER_PATHS = NO;
				ARCHS = "$(ARCHS_STANDARD_64_BIT)";
				COPY_PHASE_STRIP = NO;
				GCC_C_LANGUAGE_STANDARD = gnu99;
				GCC_DYNAMIC_NO_PIC = NO;
				GCC_ENABLE_OBJC_EXCEPTIONS = YES;
				GCC_OPTIMIZATION_LEVEL = 0;
				GCC_PREPROCESSOR_DEFINITIONS = (
					"DEBUG=1",
					"$(inherited)",
				);
				GCC_SYMBOLS_PRIVATE_EXTERN = NO;
				GCC_VERSION = com.apple.compilers.llvm.clang.1_0;
				GCC_WARN_64_TO_32_BIT_CONVERSION = YES;
				GCC_WARN_ABOUT_MISSING_PROTOTYPES = YES;
				GCC_WARN_ABOUT_RETURN_TYPE = YES;
				GCC_WARN_UNUSED_VARIABLE = YES;
				MACOSX_DEPLOYMENT_TARGET = 10.6;
				ONLY_ACTIVE_ARCH = YES;
				SDKROOT = macosx;
			};
			name = Debug;
		};
		0AA005B1146922E500A323D9 /* Release */ = {
			isa = XCBuildConfiguration;
			buildSettings = {
				ALWAYS_SEARCH_USER_PATHS = NO;
				ARCHS = "$(ARCHS_STANDARD_64_BIT)";
				COPY_PHASE_STRIP = YES;
				DEBUG_INFORMATION_FORMAT = "dwarf-with-dsym";
				GCC_C_LANGUAGE_STANDARD = gnu99;
				GCC_ENABLE_OBJC_EXCEPTIONS = YES;
				GCC_VERSION = com.apple.compilers.llvm.clang.1_0;
				GCC_WARN_64_TO_32_BIT_CONVERSION = YES;
				GCC_WARN_ABOUT_MISSING_PROTOTYPES = YES;
				GCC_WARN_ABOUT_RETURN_TYPE = YES;
				GCC_WARN_UNUSED_VARIABLE = YES;
				MACOSX_DEPLOYMENT_TARGET = 10.6;
				SDKROOT = macosx;
			};
			name = Release;
		};
		0AA005B3146922E500A323D9 /* Debug */ = {
			isa = XCBuildConfiguration;
			buildSettings = {
				PRODUCT_NAME = "$(TARGET_NAME)";
			};
			name = Debug;
		};
		0AA005B4146922E500A323D9 /* Release */ = {
			isa = XCBuildConfiguration;
			buildSettings = {
				PRODUCT_NAME = "$(TARGET_NAME)";
			};
			name = Release;
		};
/* End XCBuildConfiguration section */

/* Begin XCConfigurationList section */
		0AA005A2146922E500A323D9 /* Build configuration list for PBXProject "XCodeCudaTest" */ = {
			isa = XCConfigurationList;
			buildConfigurations = (
				0AA005B0146922E500A323D9 /* Debug */,
				0AA005B1146922E500A323D9 /* Release */,
			);
			defaultConfigurationIsVisible = 0;
			defaultConfigurationName = Release;
		};
		0AA005B2146922E500A323D9 /* Build configuration list for PBXNativeTarget "XCodeCudaTest" */ = {
			isa = XCConfigurationList;
			buildConfigurations = (
				0AA005B3146922E500A323D9 /* Debug */,
				0AA005B4146922E500A323D9 /* Release */,
			);
			defaultConfigurationIsVisible = 0;
			defaultConfigurationName = Release;
		};
/* End XCConfigurationList section */
	};
	rootObject = 0AA0059F146922E500A323D9 /* Project object */;
}
